Microsoft Visual Studio Solution File, Format Version 11.00
# Visual Studio 2008

Project("{8E782F98-5E9F-9DA2-89A5-374C1C62F2E5}") = "new_rpg", "Assembly-CSharp-firstpass.csproj", "{5909A63F-A2BE-6570-D5B5-9B765145A524}"
EndProject
Project("{8E782F98-5E9F-9DA2-89A5-374C1C62F2E5}") = "new_rpg", "Assembly-CSharp.csproj", "{DD4C6388-6ED2-573E-6FCE-74D6F6B6CA1D}"
EndProject
Project("{8E782F98-5E9F-9DA2-89A5-374C1C62F2E5}") = "new_rpg", "Assembly-CSharp-Editor.csproj", "{8D7BBCBF-7370-6ACF-4740-1691658FD4EE}"
EndProject
Global
	GlobalSection(SolutionConfigurationPlatforms) = preSolution
		Debug|Any CPU = Debug|Any CPU
		Release|Any CPU = Release|Any CPU
	EndGlobalSection
	GlobalSection(ProjectConfigurationPlatforms) = postSolution
		{5909A63F-A2BE-6570-D5B5-9B765145A524}.Debug|Any CPU.ActiveCfg = Debug|Any CPU
		{5909A63F-A2BE-6570-D5B5-9B765145A524}.Debug|Any CPU.Build.0 = Debug|Any CPU
		{5909A63F-A2BE-6570-D5B5-9B765145A524}.Release|Any CPU.ActiveCfg = Release|Any CPU
		{5909A63F-A2BE-6570-D5B5-9B765145A524}.Release|Any CPU.Build.0 = Release|Any CPU
		{DD4C6388-6ED2-573E-6FCE-74D6F6B6CA1D}.Debug|Any CPU.ActiveCfg = Debug|Any CPU
		{DD4C6388-6ED2-573E-6FCE-74D6F6B6CA1D}.Debug|Any CPU.Build.0 = Debug|Any CPU
		{DD4C6388-6ED2-573E-6FCE-74D6F6B6CA1D}.Release|Any CPU.ActiveCfg = Release|Any CPU
		{DD4C6388-6ED2-573E-6FCE-74D6F6B6CA1D}.Release|Any CPU.Build.0 = Release|Any CPU
		{8D7BBCBF-7370-6ACF-4740-1691658FD4EE}.Debug|Any CPU.ActiveCfg = Debug|Any CPU
		{8D7BBCBF-7370-6ACF-4740-1691658FD4EE}.Debug|Any CPU.Build.0 = Debug|Any CPU
		{8D7BBCBF-7370-6ACF-4740-1691658FD4EE}.Release|Any CPU.ActiveCfg = Release|Any CPU
		{8D7BBCBF-7370-6ACF-4740-1691658FD4EE}.Release|Any CPU.Build.0 = Release|Any CPU
	EndGlobalSection
	GlobalSection(SolutionProperties) = preSolution
		HideSolutionNode = FALSE
	EndGlobalSection
	GlobalSection(MonoDevelopProperties) = preSolution
		StartupItem = Assembly-CSharp.csproj
	EndGlobalSection
EndGlobal
